<?xml version="1.0" encoding="utf-8"?>
<Project ToolsVersion="4.0" xmlns="http://schemas.microsoft.com/developer/msbuild/2003">
  <ItemGroup>
    <Filter Include="Source Files">
      <UniqueIdentifier>{4FC737F1-C7A5-4376-A066-2A32D752A2FF}</UniqueIdentifier>
      <Extensions>cpp;c;cc;cxx;def;odl;idl;hpj;bat;asm;asmx</Extensions>
    </Filter>
  </ItemGroup>
  <ItemGroup>
    <ClCompile Include="FileIO.cpp">
      <Filter>Source Files</Filter>
    </ClCompile>
    <ClCompile Include="DFA.cpp">
      <Filter>Source Files</Filter>
    </ClCompile>
    <ClCompile Include="DFACreationHelpers.cpp">
      <Filter>Source Files</Filter>
    </ClCompile>
    <ClCompile Include="LexicalAnalyzer.cpp">
      <Filter>Source Files</Filter>
    </ClCompile>
    <ClCompile Include="LanguageInfoCpp.cpp">
      <Filter>Source Files</Filter>
    </ClCompile>
  </ItemGroup>
  <ItemGroup>
    <ClInclude Include="FileIO.h">
      <Filter>Source Files</Filter>
    </ClInclude>
    <ClInclude Include="DFA.h">
      <Filter>Source Files</Filter>
    </ClInclude>
    <ClInclude Include="_LexicalAnalyzerLib.h">
      <Filter>Source Files</Filter>
    </ClInclude>
    <ClInclude Include="DFACreationHelpers.h">
      <Filter>Source Files</Filter>
    </ClInclude>
    <ClInclude Include="LexicalAnalyzer.h">
      <Filter>Source Files</Filter>
    </ClInclude>
    <ClInclude Include="ILanguageInfo.h">
      <Filter>Source Files</Filter>
    </ClInclude>
    <ClInclude Include="LanguageInfoCpp.h">
      <Filter>Source Files</Filter>
    </ClInclude>
  </ItemGroup>
</Project>