<?xml version="1.0" encoding="utf-8"?>
<Project ToolsVersion="4.0" xmlns="http://schemas.microsoft.com/developer/msbuild/2003">
  <ItemGroup>
    <Filter Include="Sources">
      <UniqueIdentifier>{3f0232f4-81cc-43d6-8009-775eb975d00e}</UniqueIdentifier>
    </Filter>
  </ItemGroup>
  <ItemGroup>
    <ClInclude Include="SyntaxAnalyzer.h">
      <Filter>Sources</Filter>
    </ClInclude>
    <ClInclude Include="Grammar.h">
      <Filter>Sources</Filter>
    </ClInclude>
    <ClInclude Include="GrammarSymbol.h">
      <Filter>Sources</Filter>
    </ClInclude>
    <ClInclude Include="GrammarGenerators.h">
      <Filter>Sources</Filter>
    </ClInclude>
    <ClInclude Include="SyntaxAnalysisHelpers.h">
      <Filter>Sources</Filter>
    </ClInclude>
    <ClInclude Include="GrammarDefinitionHelpers.h">
      <Filter>Sources</Filter>
    </ClInclude>
    <ClInclude Include="ParseTree.h">
      <Filter>Sources</Filter>
    </ClInclude>
    <ClInclude Include="SymbolTable.h">
      <Filter>Sources</Filter>
    </ClInclude>
  </ItemGroup>
  <ItemGroup>
    <ClCompile Include="SyntaxAnalyzer.cpp">
      <Filter>Sources</Filter>
    </ClCompile>
    <ClCompile Include="Grammar.cpp">
      <Filter>Sources</Filter>
    </ClCompile>
    <ClCompile Include="GrammarSymbol.cpp">
      <Filter>Sources</Filter>
    </ClCompile>
    <ClCompile Include="GrammarGenerators.cpp">
      <Filter>Sources</Filter>
    </ClCompile>
    <ClCompile Include="SyntaxAnalysisHelpers.cpp">
      <Filter>Sources</Filter>
    </ClCompile>
    <ClCompile Include="GrammarDefinitionHelpers.cpp">
      <Filter>Sources</Filter>
    </ClCompile>
    <ClCompile Include="ParseTree.cpp">
      <Filter>Sources</Filter>
    </ClCompile>
    <ClCompile Include="SymbolTable.cpp">
      <Filter>Sources</Filter>
    </ClCompile>
  </ItemGroup>
</Project>